// !$*UTF8*$!
{
	archiveVersion = 1;
	classes = {
	};
	objectVersion = 50;
	objects = {

/* Begin PBXBuildFile section */
		26230A6B75B5B7F7D459038D /* Pods_Landmark_remark.framework in Frameworks */ = {isa = PBXBuildFile; fileRef = FD9280C7756C121AC0F60A4B /* Pods_Landmark_remark.framework */; };
		426611429869AB0644595D0A /* Pods_Landmark_remarkUITests.framework in Frameworks */ = {isa = PBXBuildFile; fileRef = B6193B1A4D73BF639D20089E /* Pods_Landmark_remarkUITests.framework */; };
		5F88BECB224B515E00158120 /* AppDelegate.swift in Sources */ = {isa = PBXBuildFile; fileRef = 5F88BECA224B515E00158120 /* AppDelegate.swift */; };
		5F88BECD224B515E00158120 /* LandmarkViewController.swift in Sources */ = {isa = PBXBuildFile; fileRef = 5F88BECC224B515E00158120 /* LandmarkViewController.swift */; };
		5F88BED0224B515E00158120 /* Main.storyboard in Resources */ = {isa = PBXBuildFile; fileRef = 5F88BECE224B515E00158120 /* Main.storyboard */; };
		5F88BED3224B515E00158120 /* Landmark_remark.xcdatamodeld in Sources */ = {isa = PBXBuildFile; fileRef = 5F88BED1224B515E00158120 /* Landmark_remark.xcdatamodeld */; };
		5F88BED5224B515E00158120 /* Assets.xcassets in Resources */ = {isa = PBXBuildFile; fileRef = 5F88BED4224B515E00158120 /* Assets.xcassets */; };
		5F88BED8224B515E00158120 /* LaunchScreen.storyboard in Resources */ = {isa = PBXBuildFile; fileRef = 5F88BED6224B515E00158120 /* LaunchScreen.storyboard */; };
		5F88BEE3224B515F00158120 /* Landmark_remarkTests.swift in Sources */ = {isa = PBXBuildFile; fileRef = 5F88BEE2224B515F00158120 /* Landmark_remarkTests.swift */; };
		5F88BEEE224B515F00158120 /* Landmark_remarkUITests.swift in Sources */ = {isa = PBXBuildFile; fileRef = 5F88BEED224B515F00158120 /* Landmark_remarkUITests.swift */; };
		5F9EFA3D224B89C80033137C /* BaseCustomXibView.swift in Sources */ = {isa = PBXBuildFile; fileRef = 5F9EFA3C224B89C80033137C /* BaseCustomXibView.swift */; };
		5F9EFA45224B8FA40033137C /* Spinner.swift in Sources */ = {isa = PBXBuildFile; fileRef = 5F9EFA44224B8FA40033137C /* Spinner.swift */; };
		5F9EFA4A224B931E0033137C /* Localizable.strings in Resources */ = {isa = PBXBuildFile; fileRef = 5F9EFA4C224B931E0033137C /* Localizable.strings */; };
		5F9EFA50224B94210033137C /* PopupSaveLocation.swift in Sources */ = {isa = PBXBuildFile; fileRef = 5F9EFA4F224B94210033137C /* PopupSaveLocation.swift */; };
		5F9EFA52224B94490033137C /* PopupSaveLocation.xib in Resources */ = {isa = PBXBuildFile; fileRef = 5F9EFA51224B94490033137C /* PopupSaveLocation.xib */; };
		5F9EFA54224BD4440033137C /* BasePopupView.swift in Sources */ = {isa = PBXBuildFile; fileRef = 5F9EFA53224BD4440033137C /* BasePopupView.swift */; };
		5F9EFA56224BDEBF0033137C /* AppConstants.swift in Sources */ = {isa = PBXBuildFile; fileRef = 5F9EFA55224BDEBF0033137C /* AppConstants.swift */; };
		5F9EFA58224C74740033137C /* UIViewController+Extension.swift in Sources */ = {isa = PBXBuildFile; fileRef = 5F9EFA57224C74740033137C /* UIViewController+Extension.swift */; };
		5F9EFA5D224C779D0033137C /* RemarkListViewController.swift in Sources */ = {isa = PBXBuildFile; fileRef = 5F9EFA5B224C779D0033137C /* RemarkListViewController.swift */; };
		5F9EFA5E224C779D0033137C /* RemarkListViewController.xib in Resources */ = {isa = PBXBuildFile; fileRef = 5F9EFA5C224C779D0033137C /* RemarkListViewController.xib */; };
		5F9EFA61224C77B10033137C /* RemarkMapViewController.swift in Sources */ = {isa = PBXBuildFile; fileRef = 5F9EFA5F224C77B10033137C /* RemarkMapViewController.swift */; };
		5F9EFA62224C77B10033137C /* RemarkMapViewController.xib in Resources */ = {isa = PBXBuildFile; fileRef = 5F9EFA60224C77B10033137C /* RemarkMapViewController.xib */; };
		5F9EFA65224C7A140033137C /* BaseViewController.swift in Sources */ = {isa = PBXBuildFile; fileRef = 5F9EFA64224C7A140033137C /* BaseViewController.swift */; };
		5F9EFA67224CA1FD0033137C /* RemardListViewModel.swift in Sources */ = {isa = PBXBuildFile; fileRef = 5F9EFA66224CA1FD0033137C /* RemardListViewModel.swift */; };
		5F9EFA69224CA3330033137C /* RemarkMapViewModel.swift in Sources */ = {isa = PBXBuildFile; fileRef = 5F9EFA68224CA3330033137C /* RemarkMapViewModel.swift */; };
		5FDCCAB9224B5C3D0067F14A /* LandmarkViewModel.swift in Sources */ = {isa = PBXBuildFile; fileRef = 5FDCCAB8224B5C3D0067F14A /* LandmarkViewModel.swift */; };
		5FDCCABD224B66D80067F14A /* LandmarkService.swift in Sources */ = {isa = PBXBuildFile; fileRef = 5FDCCABC224B66D80067F14A /* LandmarkService.swift */; };
		5FDCCABF224B6E500067F14A /* AddLocationModel.swift in Sources */ = {isa = PBXBuildFile; fileRef = 5FDCCABE224B6E500067F14A /* AddLocationModel.swift */; };
		5FDCCAC1224B6E9B0067F14A /* LocationModel.swift in Sources */ = {isa = PBXBuildFile; fileRef = 5FDCCAC0224B6E9B0067F14A /* LocationModel.swift */; };
		5FDCCAC4224B6F410067F14A /* CoreParameter.swift in Sources */ = {isa = PBXBuildFile; fileRef = 5FDCCAC3224B6F410067F14A /* CoreParameter.swift */; };
		5FDCCAC6224B6F9C0067F14A /* CoreReponse.swift in Sources */ = {isa = PBXBuildFile; fileRef = 5FDCCAC5224B6F9C0067F14A /* CoreReponse.swift */; };
		5FDCCAC8224B71BA0067F14A /* ServiceRequest.swift in Sources */ = {isa = PBXBuildFile; fileRef = 5FDCCAC7224B71BA0067F14A /* ServiceRequest.swift */; };
		5FDCCACA224B75DD0067F14A /* EmptyResponse.swift in Sources */ = {isa = PBXBuildFile; fileRef = 5FDCCAC9224B75DD0067F14A /* EmptyResponse.swift */; };
		5FDCCACC224B77FD0067F14A /* LocationCollection.swift in Sources */ = {isa = PBXBuildFile; fileRef = 5FDCCACB224B77FD0067F14A /* LocationCollection.swift */; };
		CB41178CFC8E99DD6B46936B /* Pods_Landmark_remarkTests.framework in Frameworks */ = {isa = PBXBuildFile; fileRef = 91B286642EEC812C38C5D7E8 /* Pods_Landmark_remarkTests.framework */; };
/* End PBXBuildFile section */

/* Begin PBXContainerItemProxy section */
		5F88BEDF224B515E00158120 /* PBXContainerItemProxy */ = {
			isa = PBXContainerItemProxy;
			containerPortal = 5F88BEBF224B515E00158120 /* Project object */;
			proxyType = 1;
			remoteGlobalIDString = 5F88BEC6224B515E00158120;
			remoteInfo = "Landmark-remark";
		};
		5F88BEEA224B515F00158120 /* PBXContainerItemProxy */ = {
			isa = PBXContainerItemProxy;
			containerPortal = 5F88BEBF224B515E00158120 /* Project object */;
			proxyType = 1;
			remoteGlobalIDString = 5F88BEC6224B515E00158120;
			remoteInfo = "Landmark-remark";
		};
/* End PBXContainerItemProxy section */

/* Begin PBXFileReference section */
		47009D12451F66197607A7C6 /* Pods-Landmark-remarkUITests.release.xcconfig */ = {isa = PBXFileReference; includeInIndex = 1; lastKnownFileType = text.xcconfig; name = "Pods-Landmark-remarkUITests.release.xcconfig"; path = "Target Support Files/Pods-Landmark-remarkUITests/Pods-Landmark-remarkUITests.release.xcconfig"; sourceTree = "<group>"; };
		5F88BEC7224B515E00158120 /* Landmark-remark.app */ = {isa = PBXFileReference; explicitFileType = wrapper.application; includeInIndex = 0; path = "Landmark-remark.app"; sourceTree = BUILT_PRODUCTS_DIR; };
		5F88BECA224B515E00158120 /* AppDelegate.swift */ = {isa = PBXFileReference; lastKnownFileType = sourcecode.swift; path = AppDelegate.swift; sourceTree = "<group>"; };
		5F88BECC224B515E00158120 /* LandmarkViewController.swift */ = {isa = PBXFileReference; lastKnownFileType = sourcecode.swift; path = LandmarkViewController.swift; sourceTree = "<group>"; };
		5F88BECF224B515E00158120 /* Base */ = {isa = PBXFileReference; lastKnownFileType = file.storyboard; name = Base; path = Base.lproj/Main.storyboard; sourceTree = "<group>"; };
		5F88BED2224B515E00158120 /* Landmark_remark.xcdatamodel */ = {isa = PBXFileReference; lastKnownFileType = wrapper.xcdatamodel; path = Landmark_remark.xcdatamodel; sourceTree = "<group>"; };
		5F88BED4224B515E00158120 /* Assets.xcassets */ = {isa = PBXFileReference; lastKnownFileType = folder.assetcatalog; path = Assets.xcassets; sourceTree = "<group>"; };
		5F88BED7224B515E00158120 /* Base */ = {isa = PBXFileReference; lastKnownFileType = file.storyboard; name = Base; path = Base.lproj/LaunchScreen.storyboard; sourceTree = "<group>"; };
		5F88BED9224B515E00158120 /* Info.plist */ = {isa = PBXFileReference; lastKnownFileType = text.plist.xml; path = Info.plist; sourceTree = "<group>"; };
		5F88BEDE224B515E00158120 /* Landmark-remarkTests.xctest */ = {isa = PBXFileReference; explicitFileType = wrapper.cfbundle; includeInIndex = 0; path = "Landmark-remarkTests.xctest"; sourceTree = BUILT_PRODUCTS_DIR; };
		5F88BEE2224B515F00158120 /* Landmark_remarkTests.swift */ = {isa = PBXFileReference; lastKnownFileType = sourcecode.swift; path = Landmark_remarkTests.swift; sourceTree = "<group>"; };
		5F88BEE4224B515F00158120 /* Info.plist */ = {isa = PBXFileReference; lastKnownFileType = text.plist.xml; path = Info.plist; sourceTree = "<group>"; };
		5F88BEE9224B515F00158120 /* Landmark-remarkUITests.xctest */ = {isa = PBXFileReference; explicitFileType = wrapper.cfbundle; includeInIndex = 0; path = "Landmark-remarkUITests.xctest"; sourceTree = BUILT_PRODUCTS_DIR; };
		5F88BEED224B515F00158120 /* Landmark_remarkUITests.swift */ = {isa = PBXFileReference; lastKnownFileType = sourcecode.swift; path = Landmark_remarkUITests.swift; sourceTree = "<group>"; };
		5F88BEEF224B515F00158120 /* Info.plist */ = {isa = PBXFileReference; lastKnownFileType = text.plist.xml; path = Info.plist; sourceTree = "<group>"; };
		5F9EFA3C224B89C80033137C /* BaseCustomXibView.swift */ = {isa = PBXFileReference; lastKnownFileType = sourcecode.swift; path = BaseCustomXibView.swift; sourceTree = "<group>"; };
		5F9EFA44224B8FA40033137C /* Spinner.swift */ = {isa = PBXFileReference; lastKnownFileType = sourcecode.swift; path = Spinner.swift; sourceTree = "<group>"; };
		5F9EFA4B224B931E0033137C /* en */ = {isa = PBXFileReference; lastKnownFileType = text.plist.strings; name = en; path = en.lproj/Localizable.strings; sourceTree = "<group>"; };
		5F9EFA4D224B93210033137C /* vi */ = {isa = PBXFileReference; lastKnownFileType = text.plist.strings; name = vi; path = vi.lproj/Localizable.strings; sourceTree = "<group>"; };
		5F9EFA4F224B94210033137C /* PopupSaveLocation.swift */ = {isa = PBXFileReference; lastKnownFileType = sourcecode.swift; path = PopupSaveLocation.swift; sourceTree = "<group>"; };
		5F9EFA51224B94490033137C /* PopupSaveLocation.xib */ = {isa = PBXFileReference; lastKnownFileType = file.xib; path = PopupSaveLocation.xib; sourceTree = "<group>"; };
		5F9EFA53224BD4440033137C /* BasePopupView.swift */ = {isa = PBXFileReference; lastKnownFileType = sourcecode.swift; path = BasePopupView.swift; sourceTree = "<group>"; };
		5F9EFA55224BDEBF0033137C /* AppConstants.swift */ = {isa = PBXFileReference; lastKnownFileType = sourcecode.swift; path = AppConstants.swift; sourceTree = "<group>"; };
		5F9EFA57224C74740033137C /* UIViewController+Extension.swift */ = {isa = PBXFileReference; lastKnownFileType = sourcecode.swift; path = "UIViewController+Extension.swift"; sourceTree = "<group>"; };
		5F9EFA5B224C779D0033137C /* RemarkListViewController.swift */ = {isa = PBXFileReference; lastKnownFileType = sourcecode.swift; path = RemarkListViewController.swift; sourceTree = "<group>"; };
		5F9EFA5C224C779D0033137C /* RemarkListViewController.xib */ = {isa = PBXFileReference; lastKnownFileType = file.xib; path = RemarkListViewController.xib; sourceTree = "<group>"; };
		5F9EFA5F224C77B10033137C /* RemarkMapViewController.swift */ = {isa = PBXFileReference; lastKnownFileType = sourcecode.swift; path = RemarkMapViewController.swift; sourceTree = "<group>"; };
		5F9EFA60224C77B10033137C /* RemarkMapViewController.xib */ = {isa = PBXFileReference; lastKnownFileType = file.xib; path = RemarkMapViewController.xib; sourceTree = "<group>"; };
		5F9EFA64224C7A140033137C /* BaseViewController.swift */ = {isa = PBXFileReference; lastKnownFileType = sourcecode.swift; path = BaseViewController.swift; sourceTree = "<group>"; };
		5F9EFA66224CA1FD0033137C /* RemardListViewModel.swift */ = {isa = PBXFileReference; lastKnownFileType = sourcecode.swift; path = RemardListViewModel.swift; sourceTree = "<group>"; };
		5F9EFA68224CA3330033137C /* RemarkMapViewModel.swift */ = {isa = PBXFileReference; lastKnownFileType = sourcecode.swift; path = RemarkMapViewModel.swift; sourceTree = "<group>"; };
		5FDCCAB8224B5C3D0067F14A /* LandmarkViewModel.swift */ = {isa = PBXFileReference; lastKnownFileType = sourcecode.swift; path = LandmarkViewModel.swift; sourceTree = "<group>"; };
		5FDCCABC224B66D80067F14A /* LandmarkService.swift */ = {isa = PBXFileReference; lastKnownFileType = sourcecode.swift; path = LandmarkService.swift; sourceTree = "<group>"; };
		5FDCCABE224B6E500067F14A /* AddLocationModel.swift */ = {isa = PBXFileReference; lastKnownFileType = sourcecode.swift; path = AddLocationModel.swift; sourceTree = "<group>"; };
		5FDCCAC0224B6E9B0067F14A /* LocationModel.swift */ = {isa = PBXFileReference; lastKnownFileType = sourcecode.swift; path = LocationModel.swift; sourceTree = "<group>"; };
		5FDCCAC3224B6F410067F14A /* CoreParameter.swift */ = {isa = PBXFileReference; lastKnownFileType = sourcecode.swift; path = CoreParameter.swift; sourceTree = "<group>"; };
		5FDCCAC5224B6F9C0067F14A /* CoreReponse.swift */ = {isa = PBXFileReference; lastKnownFileType = sourcecode.swift; path = CoreReponse.swift; sourceTree = "<group>"; };
		5FDCCAC7224B71BA0067F14A /* ServiceRequest.swift */ = {isa = PBXFileReference; lastKnownFileType = sourcecode.swift; path = ServiceRequest.swift; sourceTree = "<group>"; };
		5FDCCAC9224B75DD0067F14A /* EmptyResponse.swift */ = {isa = PBXFileReference; lastKnownFileType = sourcecode.swift; path = EmptyResponse.swift; sourceTree = "<group>"; };
		5FDCCACB224B77FD0067F14A /* LocationCollection.swift */ = {isa = PBXFileReference; lastKnownFileType = sourcecode.swift; path = LocationCollection.swift; sourceTree = "<group>"; };
		8E35889BE208116735DA5038 /* Pods-Landmark-remark.debug.xcconfig */ = {isa = PBXFileReference; includeInIndex = 1; lastKnownFileType = text.xcconfig; name = "Pods-Landmark-remark.debug.xcconfig"; path = "Target Support Files/Pods-Landmark-remark/Pods-Landmark-remark.debug.xcconfig"; sourceTree = "<group>"; };
		91B286642EEC812C38C5D7E8 /* Pods_Landmark_remarkTests.framework */ = {isa = PBXFileReference; explicitFileType = wrapper.framework; includeInIndex = 0; path = Pods_Landmark_remarkTests.framework; sourceTree = BUILT_PRODUCTS_DIR; };
		A89E793EB61E76295617A205 /* Pods-Landmark-remarkUITests.debug.xcconfig */ = {isa = PBXFileReference; includeInIndex = 1; lastKnownFileType = text.xcconfig; name = "Pods-Landmark-remarkUITests.debug.xcconfig"; path = "Target Support Files/Pods-Landmark-remarkUITests/Pods-Landmark-remarkUITests.debug.xcconfig"; sourceTree = "<group>"; };
		B6193B1A4D73BF639D20089E /* Pods_Landmark_remarkUITests.framework */ = {isa = PBXFileReference; explicitFileType = wrapper.framework; includeInIndex = 0; path = Pods_Landmark_remarkUITests.framework; sourceTree = BUILT_PRODUCTS_DIR; };
		D25987A81D2361AD43F96EC5 /* Pods-Landmark-remark.release.xcconfig */ = {isa = PBXFileReference; includeInIndex = 1; lastKnownFileType = text.xcconfig; name = "Pods-Landmark-remark.release.xcconfig"; path = "Target Support Files/Pods-Landmark-remark/Pods-Landmark-remark.release.xcconfig"; sourceTree = "<group>"; };
		E387C81858B3EC127658729C /* Pods-Landmark-remarkTests.release.xcconfig */ = {isa = PBXFileReference; includeInIndex = 1; lastKnownFileType = text.xcconfig; name = "Pods-Landmark-remarkTests.release.xcconfig"; path = "Target Support Files/Pods-Landmark-remarkTests/Pods-Landmark-remarkTests.release.xcconfig"; sourceTree = "<group>"; };
		EA7C3EAE01421328417DB668 /* Pods-Landmark-remarkTests.debug.xcconfig */ = {isa = PBXFileReference; includeInIndex = 1; lastKnownFileType = text.xcconfig; name = "Pods-Landmark-remarkTests.debug.xcconfig"; path = "Target Support Files/Pods-Landmark-remarkTests/Pods-Landmark-remarkTests.debug.xcconfig"; sourceTree = "<group>"; };
		FD9280C7756C121AC0F60A4B /* Pods_Landmark_remark.framework */ = {isa = PBXFileReference; explicitFileType = wrapper.framework; includeInIndex = 0; path = Pods_Landmark_remark.framework; sourceTree = BUILT_PRODUCTS_DIR; };
/* End PBXFileReference section */

/* Begin PBXFrameworksBuildPhase section */
		5F88BEC4224B515E00158120 /* Frameworks */ = {
			isa = PBXFrameworksBuildPhase;
			buildActionMask = 2147483647;
			files = (
				26230A6B75B5B7F7D459038D /* Pods_Landmark_remark.framework in Frameworks */,
			);
			runOnlyForDeploymentPostprocessing = 0;
		};
		5F88BEDB224B515E00158120 /* Frameworks */ = {
			isa = PBXFrameworksBuildPhase;
			buildActionMask = 2147483647;
			files = (
				CB41178CFC8E99DD6B46936B /* Pods_Landmark_remarkTests.framework in Frameworks */,
			);
			runOnlyForDeploymentPostprocessing = 0;
		};
		5F88BEE6224B515F00158120 /* Frameworks */ = {
			isa = PBXFrameworksBuildPhase;
			buildActionMask = 2147483647;
			files = (
				426611429869AB0644595D0A /* Pods_Landmark_remarkUITests.framework in Frameworks */,
			);
			runOnlyForDeploymentPostprocessing = 0;
		};
/* End PBXFrameworksBuildPhase section */

/* Begin PBXGroup section */
		5F88BEBE224B515E00158120 = {
			isa = PBXGroup;
			children = (
				5F88BEC9224B515E00158120 /* Landmark-remark */,
				5F88BEE1224B515E00158120 /* Landmark-remarkTests */,
				5F88BEEC224B515F00158120 /* Landmark-remarkUITests */,
				5F88BEC8224B515E00158120 /* Products */,
				AD2822B18783B3CB116B712F /* Pods */,
				868E60D1EDB903DBA97D70E2 /* Frameworks */,
			);
			sourceTree = "<group>";
		};
		5F88BEC8224B515E00158120 /* Products */ = {
			isa = PBXGroup;
			children = (
				5F88BEC7224B515E00158120 /* Landmark-remark.app */,
				5F88BEDE224B515E00158120 /* Landmark-remarkTests.xctest */,
				5F88BEE9224B515F00158120 /* Landmark-remarkUITests.xctest */,
			);
			name = Products;
			sourceTree = "<group>";
		};
		5F88BEC9224B515E00158120 /* Landmark-remark */ = {
			isa = PBXGroup;
			children = (
				5F88BEFD224B521A00158120 /* Main */,
				5F88BEFF224B522D00158120 /* Models */,
				5F88BEFE224B522000158120 /* Services */,
				5F88BEFC224B521100158120 /* Application */,
				5F88BF00224B523E00158120 /* Extension */,
				5FDCCABA224B5D000067F14A /* Common */,
				5F88BEFB224B51F500158120 /* Supporting files */,
			);
			path = "Landmark-remark";
			sourceTree = "<group>";
		};
		5F88BEE1224B515E00158120 /* Landmark-remarkTests */ = {
			isa = PBXGroup;
			children = (
				5F88BEE2224B515F00158120 /* Landmark_remarkTests.swift */,
				5F88BEE4224B515F00158120 /* Info.plist */,
			);
			path = "Landmark-remarkTests";
			sourceTree = "<group>";
		};
		5F88BEEC224B515F00158120 /* Landmark-remarkUITests */ = {
			isa = PBXGroup;
			children = (
				5F88BEED224B515F00158120 /* Landmark_remarkUITests.swift */,
				5F88BEEF224B515F00158120 /* Info.plist */,
			);
			path = "Landmark-remarkUITests";
			sourceTree = "<group>";
		};
		5F88BEFB224B51F500158120 /* Supporting files */ = {
			isa = PBXGroup;
			children = (
				5F88BED4224B515E00158120 /* Assets.xcassets */,
				5F88BED6224B515E00158120 /* LaunchScreen.storyboard */,
				5F88BED9224B515E00158120 /* Info.plist */,
				5F88BED1224B515E00158120 /* Landmark_remark.xcdatamodeld */,
				5F9EFA4C224B931E0033137C /* Localizable.strings */,
			);
			path = "Supporting files";
			sourceTree = "<group>";
		};
		5F88BEFC224B521100158120 /* Application */ = {
			isa = PBXGroup;
			children = (
				5F9EFA63224C7A060033137C /* Base */,
				5FDCCAB7224B5C050067F14A /* Landmark */,
				5F88BECE224B515E00158120 /* Main.storyboard */,
			);
			path = Application;
			sourceTree = "<group>";
		};
		5F88BEFD224B521A00158120 /* Main */ = {
			isa = PBXGroup;
			children = (
				5F88BECA224B515E00158120 /* AppDelegate.swift */,
				5F9EFA55224BDEBF0033137C /* AppConstants.swift */,
			);
			path = Main;
			sourceTree = "<group>";
		};
		5F88BEFE224B522000158120 /* Services */ = {
			isa = PBXGroup;
			children = (
				5FDCCABC224B66D80067F14A /* LandmarkService.swift */,
			);
			path = Services;
			sourceTree = "<group>";
		};
		5F88BEFF224B522D00158120 /* Models */ = {
			isa = PBXGroup;
			children = (
				5FDCCAC2224B6F2A0067F14A /* Common */,
				5FDCCABE224B6E500067F14A /* AddLocationModel.swift */,
				5FDCCAC0224B6E9B0067F14A /* LocationModel.swift */,
				5FDCCACB224B77FD0067F14A /* LocationCollection.swift */,
			);
			path = Models;
			sourceTree = "<group>";
		};
		5F88BF00224B523E00158120 /* Extension */ = {
			isa = PBXGroup;
			children = (
				5F9EFA57224C74740033137C /* UIViewController+Extension.swift */,
			);
			path = Extension;
			sourceTree = "<group>";
		};
		5F9EFA43224B8F970033137C /* Spinner */ = {
			isa = PBXGroup;
			children = (
				5F9EFA44224B8FA40033137C /* Spinner.swift */,
			);
			path = Spinner;
			sourceTree = "<group>";
		};
		5F9EFA4E224B93850033137C /* Popup */ = {
			isa = PBXGroup;
			children = (
				5F9EFA4F224B94210033137C /* PopupSaveLocation.swift */,
				5F9EFA51224B94490033137C /* PopupSaveLocation.xib */,
				5F9EFA53224BD4440033137C /* BasePopupView.swift */,
			);
			path = Popup;
			sourceTree = "<group>";
		};
		5F9EFA59224C771E0033137C /* Map */ = {
			isa = PBXGroup;
			children = (
				5F9EFA5F224C77B10033137C /* RemarkMapViewController.swift */,
				5F9EFA60224C77B10033137C /* RemarkMapViewController.xib */,
				5F9EFA68224CA3330033137C /* RemarkMapViewModel.swift */,
			);
			path = Map;
			sourceTree = "<group>";
		};
		5F9EFA5A224C77250033137C /* List */ = {
			isa = PBXGroup;
			children = (
				5F9EFA5B224C779D0033137C /* RemarkListViewController.swift */,
				5F9EFA5C224C779D0033137C /* RemarkListViewController.xib */,
				5F9EFA66224CA1FD0033137C /* RemardListViewModel.swift */,
			);
			path = List;
			sourceTree = "<group>";
		};
		5F9EFA63224C7A060033137C /* Base */ = {
			isa = PBXGroup;
			children = (
				5F9EFA64224C7A140033137C /* BaseViewController.swift */,
			);
			path = Base;
			sourceTree = "<group>";
		};
		5FDCCAB7224B5C050067F14A /* Landmark */ = {
			isa = PBXGroup;
			children = (
				5F9EFA5A224C77250033137C /* List */,
				5F9EFA59224C771E0033137C /* Map */,
				5F88BECC224B515E00158120 /* LandmarkViewController.swift */,
				5FDCCAB8224B5C3D0067F14A /* LandmarkViewModel.swift */,
			);
			path = Landmark;
			sourceTree = "<group>";
		};
		5FDCCABA224B5D000067F14A /* Common */ = {
			isa = PBXGroup;
			children = (
				5F9EFA4E224B93850033137C /* Popup */,
				5F9EFA43224B8F970033137C /* Spinner */,
				5F9EFA3C224B89C80033137C /* BaseCustomXibView.swift */,
			);
			path = Common;
			sourceTree = "<group>";
		};
		5FDCCAC2224B6F2A0067F14A /* Common */ = {
			isa = PBXGroup;
			children = (
				5FDCCAC9224B75DD0067F14A /* EmptyResponse.swift */,
				5FDCCAC3224B6F410067F14A /* CoreParameter.swift */,
				5FDCCAC5224B6F9C0067F14A /* CoreReponse.swift */,
				5FDCCAC7224B71BA0067F14A /* ServiceRequest.swift */,
			);
			path = Common;
			sourceTree = "<group>";
		};
		868E60D1EDB903DBA97D70E2 /* Frameworks */ = {
			isa = PBXGroup;
			children = (
				FD9280C7756C121AC0F60A4B /* Pods_Landmark_remark.framework */,
				91B286642EEC812C38C5D7E8 /* Pods_Landmark_remarkTests.framework */,
				B6193B1A4D73BF639D20089E /* Pods_Landmark_remarkUITests.framework */,
			);
			name = Frameworks;
			sourceTree = "<group>";
		};
		AD2822B18783B3CB116B712F /* Pods */ = {
			isa = PBXGroup;
			children = (
				8E35889BE208116735DA5038 /* Pods-Landmark-remark.debug.xcconfig */,
				D25987A81D2361AD43F96EC5 /* Pods-Landmark-remark.release.xcconfig */,
				EA7C3EAE01421328417DB668 /* Pods-Landmark-remarkTests.debug.xcconfig */,
				E387C81858B3EC127658729C /* Pods-Landmark-remarkTests.release.xcconfig */,
				A89E793EB61E76295617A205 /* Pods-Landmark-remarkUITests.debug.xcconfig */,
				47009D12451F66197607A7C6 /* Pods-Landmark-remarkUITests.release.xcconfig */,
			);
			path = Pods;
			sourceTree = "<group>";
		};
/* End PBXGroup section */

/* Begin PBXNativeTarget section */
		5F88BEC6224B515E00158120 /* Landmark-remark */ = {
			isa = PBXNativeTarget;
			buildConfigurationList = 5F88BEF2224B515F00158120 /* Build configuration list for PBXNativeTarget "Landmark-remark" */;
			buildPhases = (
				5AFDFD2F4C7BED9851FAD29F /* [CP] Check Pods Manifest.lock */,
				5F88BEC3224B515E00158120 /* Sources */,
				5F88BEC4224B515E00158120 /* Frameworks */,
				5F88BEC5224B515E00158120 /* Resources */,
				03E377EFACE98DC332D93ABC /* [CP] Embed Pods Frameworks */,
			);
			buildRules = (
			);
			dependencies = (
			);
			name = "Landmark-remark";
			productName = "Landmark-remark";
			productReference = 5F88BEC7224B515E00158120 /* Landmark-remark.app */;
			productType = "com.apple.product-type.application";
		};
		5F88BEDD224B515E00158120 /* Landmark-remarkTests */ = {
			isa = PBXNativeTarget;
			buildConfigurationList = 5F88BEF5224B515F00158120 /* Build configuration list for PBXNativeTarget "Landmark-remarkTests" */;
			buildPhases = (
				4C8EB47F98ED5433B5246B91 /* [CP] Check Pods Manifest.lock */,
				5F88BEDA224B515E00158120 /* Sources */,
				5F88BEDB224B515E00158120 /* Frameworks */,
				5F88BEDC224B515E00158120 /* Resources */,
				ACD814A0B4603AE7FCA7DA81 /* [CP] Embed Pods Frameworks */,
			);
			buildRules = (
			);
			dependencies = (
				5F88BEE0224B515E00158120 /* PBXTargetDependency */,
			);
			name = "Landmark-remarkTests";
			productName = "Landmark-remarkTests";
			productReference = 5F88BEDE224B515E00158120 /* Landmark-remarkTests.xctest */;
			productType = "com.apple.product-type.bundle.unit-test";
		};
		5F88BEE8224B515F00158120 /* Landmark-remarkUITests */ = {
			isa = PBXNativeTarget;
			buildConfigurationList = 5F88BEF8224B515F00158120 /* Build configuration list for PBXNativeTarget "Landmark-remarkUITests" */;
			buildPhases = (
				8A024B0FA05BBF0349DAC365 /* [CP] Check Pods Manifest.lock */,
				5F88BEE5224B515F00158120 /* Sources */,
				5F88BEE6224B515F00158120 /* Frameworks */,
				5F88BEE7224B515F00158120 /* Resources */,
			);
			buildRules = (
			);
			dependencies = (
				5F88BEEB224B515F00158120 /* PBXTargetDependency */,
			);
			name = "Landmark-remarkUITests";
			productName = "Landmark-remarkUITests";
			productReference = 5F88BEE9224B515F00158120 /* Landmark-remarkUITests.xctest */;
			productType = "com.apple.product-type.bundle.ui-testing";
		};
/* End PBXNativeTarget section */

/* Begin PBXProject section */
		5F88BEBF224B515E00158120 /* Project object */ = {
			isa = PBXProject;
			attributes = {
				LastSwiftUpdateCheck = 1020;
				LastUpgradeCheck = 1020;
				ORGANIZATIONNAME = "Diep Nguyen";
				TargetAttributes = {
					5F88BEC6224B515E00158120 = {
						CreatedOnToolsVersion = 10.2;
					};
					5F88BEDD224B515E00158120 = {
						CreatedOnToolsVersion = 10.2;
						TestTargetID = 5F88BEC6224B515E00158120;
					};
					5F88BEE8224B515F00158120 = {
						CreatedOnToolsVersion = 10.2;
						TestTargetID = 5F88BEC6224B515E00158120;
					};
				};
			};
			buildConfigurationList = 5F88BEC2224B515E00158120 /* Build configuration list for PBXProject "Landmark-remark" */;
			compatibilityVersion = "Xcode 9.3";
			developmentRegion = en;
			hasScannedForEncodings = 0;
			knownRegions = (
				en,
				Base,
				vi,
			);
			mainGroup = 5F88BEBE224B515E00158120;
			productRefGroup = 5F88BEC8224B515E00158120 /* Products */;
			projectDirPath = "";
			projectRoot = "";
			targets = (
				5F88BEC6224B515E00158120 /* Landmark-remark */,
				5F88BEDD224B515E00158120 /* Landmark-remarkTests */,
				5F88BEE8224B515F00158120 /* Landmark-remarkUITests */,
			);
		};
/* End PBXProject section */

/* Begin PBXResourcesBuildPhase section */
		5F88BEC5224B515E00158120 /* Resources */ = {
			isa = PBXResourcesBuildPhase;
			buildActionMask = 2147483647;
			files = (
				5F9EFA5E224C779D0033137C /* RemarkListViewController.xib in Resources */,
				5F88BED8224B515E00158120 /* LaunchScreen.storyboard in Resources */,
				5F9EFA4A224B931E0033137C /* Localizable.strings in Resources */,
				5F9EFA62224C77B10033137C /* RemarkMapViewController.xib in Resources */,
				5F9EFA52224B94490033137C /* PopupSaveLocation.xib in Resources */,
				5F88BED5224B515E00158120 /* Assets.xcassets in Resources */,
				5F88BED0224B515E00158120 /* Main.storyboard in Resources */,
			);
			runOnlyForDeploymentPostprocessing = 0;
		};
		5F88BEDC224B515E00158120 /* Resources */ = {
			isa = PBXResourcesBuildPhase;
			buildActionMask = 2147483647;
			files = (
			);
			runOnlyForDeploymentPostprocessing = 0;
		};
		5F88BEE7224B515F00158120 /* Resources */ = {
			isa = PBXResourcesBuildPhase;
			buildActionMask = 2147483647;
			files = (
			);
			runOnlyForDeploymentPostprocessing = 0;
		};
/* End PBXResourcesBuildPhase section */

/* Begin PBXShellScriptBuildPhase section */
		03E377EFACE98DC332D93ABC /* [CP] Embed Pods Frameworks */ = {
			isa = PBXShellScriptBuildPhase;
			buildActionMask = 2147483647;
			files = (
			);
			inputFileListPaths = (
			);
			inputPaths = (
				"${PODS_ROOT}/Target Support Files/Pods-Landmark-remark/Pods-Landmark-remark-frameworks.sh",
				"${BUILT_PRODUCTS_DIR}/Alamofire/Alamofire.framework",
				"${BUILT_PRODUCTS_DIR}/KSCrash/KSCrash.framework",
				"${BUILT_PRODUCTS_DIR}/KumulosSdkSwift/KumulosSDK.framework",
			);
			name = "[CP] Embed Pods Frameworks";
			outputFileListPaths = (
			);
			outputPaths = (
				"${TARGET_BUILD_DIR}/${FRAMEWORKS_FOLDER_PATH}/Alamofire.framework",
				"${TARGET_BUILD_DIR}/${FRAMEWORKS_FOLDER_PATH}/KSCrash.framework",
				"${TARGET_BUILD_DIR}/${FRAMEWORKS_FOLDER_PATH}/KumulosSDK.framework",
			);
			runOnlyForDeploymentPostprocessing = 0;
			shellPath = /bin/sh;
			shellScript = "\"${PODS_ROOT}/Target Support Files/Pods-Landmark-remark/Pods-Landmark-remark-frameworks.sh\"\n";
			showEnvVarsInLog = 0;
		};
		4C8EB47F98ED5433B5246B91 /* [CP] Check Pods Manifest.lock */ = {
			isa = PBXShellScriptBuildPhase;
			buildActionMask = 2147483647;
			files = (
			);
			inputFileListPaths = (
			);
			inputPaths = (
				"${PODS_PODFILE_DIR_PATH}/Podfile.lock",
				"${PODS_ROOT}/Manifest.lock",
			);
			name = "[CP] Check Pods Manifest.lock";
			outputFileListPaths = (
			);
			outputPaths = (
				"$(DERIVED_FILE_DIR)/Pods-Landmark-remarkTests-checkManifestLockResult.txt",
			);
			runOnlyForDeploymentPostprocessing = 0;
			shellPath = /bin/sh;
			shellScript = "diff \"${PODS_PODFILE_DIR_PATH}/Podfile.lock\" \"${PODS_ROOT}/Manifest.lock\" > /dev/null\nif [ $? != 0 ] ; then\n    # print error to STDERR\n    echo \"error: The sandbox is not in sync with the Podfile.lock. Run 'pod install' or update your CocoaPods installation.\" >&2\n    exit 1\nfi\n# This output is used by Xcode 'outputs' to avoid re-running this script phase.\necho \"SUCCESS\" > \"${SCRIPT_OUTPUT_FILE_0}\"\n";
			showEnvVarsInLog = 0;
		};
		5AFDFD2F4C7BED9851FAD29F /* [CP] Check Pods Manifest.lock */ = {
			isa = PBXShellScriptBuildPhase;
			buildActionMask = 2147483647;
			files = (
			);
			inputFileListPaths = (
			);
			inputPaths = (
				"${PODS_PODFILE_DIR_PATH}/Podfile.lock",
				"${PODS_ROOT}/Manifest.lock",
			);
			name = "[CP] Check Pods Manifest.lock";
			outputFileListPaths = (
			);
			outputPaths = (
				"$(DERIVED_FILE_DIR)/Pods-Landmark-remark-checkManifestLockResult.txt",
			);
			runOnlyForDeploymentPostprocessing = 0;
			shellPath = /bin/sh;
			shellScript = "diff \"${PODS_PODFILE_DIR_PATH}/Podfile.lock\" \"${PODS_ROOT}/Manifest.lock\" > /dev/null\nif [ $? != 0 ] ; then\n    # print error to STDERR\n    echo \"error: The sandbox is not in sync with the Podfile.lock. Run 'pod install' or update your CocoaPods installation.\" >&2\n    exit 1\nfi\n# This output is used by Xcode 'outputs' to avoid re-running this script phase.\necho \"SUCCESS\" > \"${SCRIPT_OUTPUT_FILE_0}\"\n";
			showEnvVarsInLog = 0;
		};
		8A024B0FA05BBF0349DAC365 /* [CP] Check Pods Manifest.lock */ = {
			isa = PBXShellScriptBuildPhase;
			buildActionMask = 2147483647;
			files = (
			);
			inputFileListPaths = (
			);
			inputPaths = (
				"${PODS_PODFILE_DIR_PATH}/Podfile.lock",
				"${PODS_ROOT}/Manifest.lock",
			);
			name = "[CP] Check Pods Manifest.lock";
			outputFileListPaths = (
			);
			outputPaths = (
				"$(DERIVED_FILE_DIR)/Pods-Landmark-remarkUITests-checkManifestLockResult.txt",
			);
			runOnlyForDeploymentPostprocessing = 0;
			shellPath = /bin/sh;
			shellScript = "diff \"${PODS_PODFILE_DIR_PATH}/Podfile.lock\" \"${PODS_ROOT}/Manifest.lock\" > /dev/null\nif [ $? != 0 ] ; then\n    # print error to STDERR\n    echo \"error: The sandbox is not in sync with the Podfile.lock. Run 'pod install' or update your CocoaPods installation.\" >&2\n    exit 1\nfi\n# This output is used by Xcode 'outputs' to avoid re-running this script phase.\necho \"SUCCESS\" > \"${SCRIPT_OUTPUT_FILE_0}\"\n";
			showEnvVarsInLog = 0;
		};
		ACD814A0B4603AE7FCA7DA81 /* [CP] Embed Pods Frameworks */ = {
			isa = PBXShellScriptBuildPhase;
			buildActionMask = 2147483647;
			files = (
			);
			inputFileListPaths = (
			);
			inputPaths = (
				"${PODS_ROOT}/Target Support Files/Pods-Landmark-remarkTests/Pods-Landmark-remarkTests-frameworks.sh",
				"${BUILT_PRODUCTS_DIR}/Alamofire/Alamofire.framework",
				"${BUILT_PRODUCTS_DIR}/KSCrash/KSCrash.framework",
				"${BUILT_PRODUCTS_DIR}/KumulosSdkSwift/KumulosSDK.framework",
			);
			name = "[CP] Embed Pods Frameworks";
			outputFileListPaths = (
			);
			outputPaths = (
				"${TARGET_BUILD_DIR}/${FRAMEWORKS_FOLDER_PATH}/Alamofire.framework",
				"${TARGET_BUILD_DIR}/${FRAMEWORKS_FOLDER_PATH}/KSCrash.framework",
				"${TARGET_BUILD_DIR}/${FRAMEWORKS_FOLDER_PATH}/KumulosSDK.framework",
			);
			runOnlyForDeploymentPostprocessing = 0;
			shellPath = /bin/sh;
			shellScript = "\"${PODS_ROOT}/Target Support Files/Pods-Landmark-remarkTests/Pods-Landmark-remarkTests-frameworks.sh\"\n";
			showEnvVarsInLog = 0;
		};
/* End PBXShellScriptBuildPhase section */

/* Begin PBXSourcesBuildPhase section */
		5F88BEC3224B515E00158120 /* Sources */ = {
			isa = PBXSourcesBuildPhase;
			buildActionMask = 2147483647;
			files = (
				5F9EFA58224C74740033137C /* UIViewController+Extension.swift in Sources */,
				5FDCCAC4224B6F410067F14A /* CoreParameter.swift in Sources */,
				5F9EFA56224BDEBF0033137C /* AppConstants.swift in Sources */,
				5FDCCAB9224B5C3D0067F14A /* LandmarkViewModel.swift in Sources */,
				5F9EFA5D224C779D0033137C /* RemarkListViewController.swift in Sources */,
				5F9EFA65224C7A140033137C /* BaseViewController.swift in Sources */,
				5F88BED3224B515E00158120 /* Landmark_remark.xcdatamodeld in Sources */,
				5F9EFA45224B8FA40033137C /* Spinner.swift in Sources */,
				5F88BECD224B515E00158120 /* LandmarkViewController.swift in Sources */,
				5FDCCABD224B66D80067F14A /* LandmarkService.swift in Sources */,
				5FDCCACA224B75DD0067F14A /* EmptyResponse.swift in Sources */,
				5FDCCAC8224B71BA0067F14A /* ServiceRequest.swift in Sources */,
				5F9EFA61224C77B10033137C /* RemarkMapViewController.swift in Sources */,
				5FDCCABF224B6E500067F14A /* AddLocationModel.swift in Sources */,
				5F9EFA54224BD4440033137C /* BasePopupView.swift in Sources */,
				5F9EFA50224B94210033137C /* PopupSaveLocation.swift in Sources */,
				5FDCCACC224B77FD0067F14A /* LocationCollection.swift in Sources */,
				5F9EFA69224CA3330033137C /* RemarkMapViewModel.swift in Sources */,
				5FDCCAC1224B6E9B0067F14A /* LocationModel.swift in Sources */,
				5F88BECB224B515E00158120 /* AppDelegate.swift in Sources */,
				5F9EFA67224CA1FD0033137C /* RemardListViewModel.swift in Sources */,
				5FDCCAC6224B6F9C0067F14A /* CoreReponse.swift in Sources */,
				5F9EFA3D224B89C80033137C /* BaseCustomXibView.swift in Sources */,
			);
			runOnlyForDeploymentPostprocessing = 0;
		};
		5F88BEDA224B515E00158120 /* Sources */ = {
			isa = PBXSourcesBuildPhase;
			buildActionMask = 2147483647;
			files = (
				5F88BEE3224B515F00158120 /* Landmark_remarkTests.swift in Sources */,
			);
			runOnlyForDeploymentPostprocessing = 0;
		};
		5F88BEE5224B515F00158120 /* Sources */ = {
			isa = PBXSourcesBuildPhase;
			buildActionMask = 2147483647;
			files = (
				5F88BEEE224B515F00158120 /* Landmark_remarkUITests.swift in Sources */,
			);
			runOnlyForDeploymentPostprocessing = 0;
		};
/* End PBXSourcesBuildPhase section */

/* Begin PBXTargetDependency section */
		5F88BEE0224B515E00158120 /* PBXTargetDependency */ = {
			isa = PBXTargetDependency;
			target = 5F88BEC6224B515E00158120 /* Landmark-remark */;
			targetProxy = 5F88BEDF224B515E00158120 /* PBXContainerItemProxy */;
		};
		5F88BEEB224B515F00158120 /* PBXTargetDependency */ = {
			isa = PBXTargetDependency;
			target = 5F88BEC6224B515E00158120 /* Landmark-remark */;
			targetProxy = 5F88BEEA224B515F00158120 /* PBXContainerItemProxy */;
		};
/* End PBXTargetDependency section */

/* Begin PBXVariantGroup section */
		5F88BECE224B515E00158120 /* Main.storyboard */ = {
			isa = PBXVariantGroup;
			children = (
				5F88BECF224B515E00158120 /* Base */,
			);
			name = Main.storyboard;
			sourceTree = "<group>";
		};
		5F88BED6224B515E00158120 /* LaunchScreen.storyboard */ = {
			isa = PBXVariantGroup;
			children = (
				5F88BED7224B515E00158120 /* Base */,
			);
			name = LaunchScreen.storyboard;
			sourceTree = "<group>";
		};
		5F9EFA4C224B931E0033137C /* Localizable.strings */ = {
			isa = PBXVariantGroup;
			children = (
				5F9EFA4B224B931E0033137C /* en */,
				5F9EFA4D224B93210033137C /* vi */,
			);
			name = Localizable.strings;
			sourceTree = "<group>";
		};
/* End PBXVariantGroup section */

/* Begin XCBuildConfiguration section */
		5F88BEF0224B515F00158120 /* Debug */ = {
			isa = XCBuildConfiguration;
			buildSettings = {
				ALWAYS_SEARCH_USER_PATHS = NO;
				CLANG_ANALYZER_LOCALIZABILITY_NONLOCALIZED = YES;
				CLANG_ANALYZER_NONNULL = YES;
				CLANG_ANALYZER_NUMBER_OBJECT_CONVERSION = YES_AGGRESSIVE;
				CLANG_CXX_LANGUAGE_STANDARD = "gnu++14";
				CLANG_CXX_LIBRARY = "libc++";
				CLANG_ENABLE_MODULES = YES;
				CLANG_ENABLE_OBJC_ARC = YES;
				CLANG_ENABLE_OBJC_WEAK = YES;
				CLANG_WARN_BLOCK_CAPTURE_AUTORELEASING = YES;
				CLANG_WARN_BOOL_CONVERSION = YES;
				CLANG_WARN_COMMA = YES;
				CLANG_WARN_CONSTANT_CONVERSION = YES;
				CLANG_WARN_DEPRECATED_OBJC_IMPLEMENTATIONS = YES;
				CLANG_WARN_DIRECT_OBJC_ISA_USAGE = YES_ERROR;
				CLANG_WARN_DOCUMENTATION_COMMENTS = YES;
				CLANG_WARN_EMPTY_BODY = YES;
				CLANG_WARN_ENUM_CONVERSION = YES;
				CLANG_WARN_INFINITE_RECURSION = YES;
				CLANG_WARN_INT_CONVERSION = YES;
				CLANG_WARN_NON_LITERAL_NULL_CONVERSION = YES;
				CLANG_WARN_OBJC_IMPLICIT_RETAIN_SELF = YES;
				CLANG_WARN_OBJC_LITERAL_CONVERSION = YES;
				CLANG_WARN_OBJC_ROOT_CLASS = YES_ERROR;
				CLANG_WARN_RANGE_LOOP_ANALYSIS = YES;
				CLANG_WARN_STRICT_PROTOTYPES = YES;
				CLANG_WARN_SUSPICIOUS_MOVE = YES;
				CLANG_WARN_UNGUARDED_AVAILABILITY = YES_AGGRESSIVE;
				CLANG_WARN_UNREACHABLE_CODE = YES;
				CLANG_WARN__DUPLICATE_METHOD_MATCH = YES;
				CODE_SIGN_IDENTITY = "iPhone Developer";
				COPY_PHASE_STRIP = NO;
				DEBUG_INFORMATION_FORMAT = dwarf;
				ENABLE_STRICT_OBJC_MSGSEND = YES;
				ENABLE_TESTABILITY = YES;
				GCC_C_LANGUAGE_STANDARD = gnu11;
				GCC_DYNAMIC_NO_PIC = NO;
				GCC_NO_COMMON_BLOCKS = YES;
				GCC_OPTIMIZATION_LEVEL = 0;
				GCC_PREPROCESSOR_DEFINITIONS = (
					"DEBUG=1",
					"$(inherited)",
				);
				GCC_WARN_64_TO_32_BIT_CONVERSION = YES;
				GCC_WARN_ABOUT_RETURN_TYPE = YES_ERROR;
				GCC_WARN_UNDECLARED_SELECTOR = YES;
				GCC_WARN_UNINITIALIZED_AUTOS = YES_AGGRESSIVE;
				GCC_WARN_UNUSED_FUNCTION = YES;
				GCC_WARN_UNUSED_VARIABLE = YES;
				IPHONEOS_DEPLOYMENT_TARGET = 12.2;
				MTL_ENABLE_DEBUG_INFO = INCLUDE_SOURCE;
				MTL_FAST_MATH = YES;
				ONLY_ACTIVE_ARCH = YES;
				SDKROOT = iphoneos;
				SWIFT_ACTIVE_COMPILATION_CONDITIONS = DEBUG;
				SWIFT_OPTIMIZATION_LEVEL = "-Onone";
			};
			name = Debug;
		};
		5F88BEF1224B515F00158120 /* Release */ = {
			isa = XCBuildConfiguration;
			buildSettings = {
				ALWAYS_SEARCH_USER_PATHS = NO;
				CLANG_ANALYZER_LOCALIZABILITY_NONLOCALIZED = YES;
				CLANG_ANALYZER_NONNULL = YES;
				CLANG_ANALYZER_NUMBER_OBJECT_CONVERSION = YES_AGGRESSIVE;
				CLANG_CXX_LANGUAGE_STANDARD = "gnu++14";
				CLANG_CXX_LIBRARY = "libc++";
				CLANG_ENABLE_MODULES = YES;
				CLANG_ENABLE_OBJC_ARC = YES;
				CLANG_ENABLE_OBJC_WEAK = YES;
				CLANG_WARN_BLOCK_CAPTURE_AUTORELEASING = YES;
				CLANG_WARN_BOOL_CONVERSION = YES;
				CLANG_WARN_COMMA = YES;
				CLANG_WARN_CONSTANT_CONVERSION = YES;
				CLANG_WARN_DEPRECATED_OBJC_IMPLEMENTATIONS = YES;
				CLANG_WARN_DIRECT_OBJC_ISA_USAGE = YES_ERROR;
				CLANG_WARN_DOCUMENTATION_COMMENTS = YES;
				CLANG_WARN_EMPTY_BODY = YES;
				CLANG_WARN_ENUM_CONVERSION = YES;
				CLANG_WARN_INFINITE_RECURSION = YES;
				CLANG_WARN_INT_CONVERSION = YES;
				CLANG_WARN_NON_LITERAL_NULL_CONVERSION = YES;
				CLANG_WARN_OBJC_IMPLICIT_RETAIN_SELF = YES;
				CLANG_WARN_OBJC_LITERAL_CONVERSION = YES;
				CLANG_WARN_OBJC_ROOT_CLASS = YES_ERROR;
				CLANG_WARN_RANGE_LOOP_ANALYSIS = YES;
				CLANG_WARN_STRICT_PROTOTYPES = YES;
				CLANG_WARN_SUSPICIOUS_MOVE = YES;
				CLANG_WARN_UNGUARDED_AVAILABILITY = YES_AGGRESSIVE;
				CLANG_WARN_UNREACHABLE_CODE = YES;
				CLANG_WARN__DUPLICATE_METHOD_MATCH = YES;
				CODE_SIGN_IDENTITY = "iPhone Developer";
				COPY_PHASE_STRIP = NO;
				DEBUG_INFORMATION_FORMAT = "dwarf-with-dsym";
				ENABLE_NS_ASSERTIONS = NO;
				ENABLE_STRICT_OBJC_MSGSEND = YES;
				GCC_C_LANGUAGE_STANDARD = gnu11;
				GCC_NO_COMMON_BLOCKS = YES;
				GCC_WARN_64_TO_32_BIT_CONVERSION = YES;
				GCC_WARN_ABOUT_RETURN_TYPE = YES_ERROR;
				GCC_WARN_UNDECLARED_SELECTOR = YES;
				GCC_WARN_UNINITIALIZED_AUTOS = YES_AGGRESSIVE;
				GCC_WARN_UNUSED_FUNCTION = YES;
				GCC_WARN_UNUSED_VARIABLE = YES;
				IPHONEOS_DEPLOYMENT_TARGET = 12.2;
				MTL_ENABLE_DEBUG_INFO = NO;
				MTL_FAST_MATH = YES;
				SDKROOT = iphoneos;
				SWIFT_COMPILATION_MODE = wholemodule;
				SWIFT_OPTIMIZATION_LEVEL = "-O";
				VALIDATE_PRODUCT = YES;
			};
			name = Release;
		};
		5F88BEF3224B515F00158120 /* Debug */ = {
			isa = XCBuildConfiguration;
			baseConfigurationReference = 8E35889BE208116735DA5038 /* Pods-Landmark-remark.debug.xcconfig */;
			buildSettings = {
				ASSETCATALOG_COMPILER_APPICON_NAME = AppIcon;
				CODE_SIGN_STYLE = Manual;
				DEVELOPMENT_TEAM = 692BX88323;
				INFOPLIST_FILE = "$(SRCROOT)/Landmark-remark/Supporting files/Info.plist";
				IPHONEOS_DEPLOYMENT_TARGET = 10.0;
				LD_RUNPATH_SEARCH_PATHS = (
					"$(inherited)",
					"@executable_path/Frameworks",
				);
				PRODUCT_BUNDLE_IDENTIFIER = com.crystal.carnival;
				PRODUCT_NAME = "$(TARGET_NAME)";
				PROVISIONING_PROFILE_SPECIFIER = "carnival-dev";
				SWIFT_VERSION = 5.0;
				TARGETED_DEVICE_FAMILY = "1,2";
			};
			name = Debug;
		};
		5F88BEF4224B515F00158120 /* Release */ = {
			isa = XCBuildConfiguration;
			baseConfigurationReference = D25987A81D2361AD43F96EC5 /* Pods-Landmark-remark.release.xcconfig */;
			buildSettings = {
				ASSETCATALOG_COMPILER_APPICON_NAME = AppIcon;
				CODE_SIGN_STYLE = Manual;
				DEVELOPMENT_TEAM = 692BX88323;
				INFOPLIST_FILE = "$(SRCROOT)/Landmark-remark/Supporting files/Info.plist";
				IPHONEOS_DEPLOYMENT_TARGET = 10.0;
				LD_RUNPATH_SEARCH_PATHS = (
					"$(inherited)",
					"@executable_path/Frameworks",
				);
				PRODUCT_BUNDLE_IDENTIFIER = com.crystal.carnival;
				PRODUCT_NAME = "$(TARGET_NAME)";
				PROVISIONING_PROFILE_SPECIFIER = "carnival-dev";
				SWIFT_VERSION = 5.0;
				TARGETED_DEVICE_FAMILY = "1,2";
			};
			name = Release;
		};
		5F88BEF6224B515F00158120 /* Debug */ = {
			isa = XCBuildConfiguration;
			baseConfigurationReference = EA7C3EAE01421328417DB668 /* Pods-Landmark-remarkTests.debug.xcconfig */;
			buildSettings = {
				ALWAYS_EMBED_SWIFT_STANDARD_LIBRARIES = YES;
				BUNDLE_LOADER = "$(TEST_HOST)";
				CODE_SIGN_STYLE = Automatic;
				DEVELOPMENT_TEAM = 692BX88323;
				INFOPLIST_FILE = "Landmark-remarkTests/Info.plist";
				LD_RUNPATH_SEARCH_PATHS = (
					"$(inherited)",
					"@executable_path/Frameworks",
					"@loader_path/Frameworks",
				);
				PRODUCT_BUNDLE_IDENTIFIER = "com.crystal.Landmark-remarkTests";
				PRODUCT_NAME = "$(TARGET_NAME)";
				SWIFT_VERSION = 5.0;
				TARGETED_DEVICE_FAMILY = "1,2";
				TEST_HOST = "$(BUILT_PRODUCTS_DIR)/Landmark-remark.app/Landmark-remark";
			};
			name = Debug;
		};
		5F88BEF7224B515F00158120 /* Release */ = {
			isa = XCBuildConfiguration;
			baseConfigurationReference = E387C81858B3EC127658729C /* Pods-Landmark-remarkTests.release.xcconfig */;
			buildSettings = {
				ALWAYS_EMBED_SWIFT_STANDARD_LIBRARIES = YES;
				BUNDLE_LOADER = "$(TEST_HOST)";
				CODE_SIGN_STYLE = Automatic;
				DEVELOPMENT_TEAM = 692BX88323;
				INFOPLIST_FILE = "Landmark-remarkTests/Info.plist";
				LD_RUNPATH_SEARCH_PATHS = (
					"$(inherited)",
					"@executable_path/Frameworks",
					"@loader_path/Frameworks",
				);
				PRODUCT_BUNDLE_IDENTIFIER = "com.crystal.Landmark-remarkTests";
				PRODUCT_NAME = "$(TARGET_NAME)";
				SWIFT_VERSION = 5.0;
				TARGETED_DEVICE_FAMILY = "1,2";
				TEST_HOST = "$(BUILT_PRODUCTS_DIR)/Landmark-remark.app/Landmark-remark";
			};
			name = Release;
		};
		5F88BEF9224B515F00158120 /* Debug */ = {
			isa = XCBuildConfiguration;
			baseConfigurationReference = A89E793EB61E76295617A205 /* Pods-Landmark-remarkUITests.debug.xcconfig */;
			buildSettings = {
				ALWAYS_EMBED_SWIFT_STANDARD_LIBRARIES = YES;
				CODE_SIGN_STYLE = Automatic;
				DEVELOPMENT_TEAM = 692BX88323;
				INFOPLIST_FILE = "Landmark-remarkUITests/Info.plist";
				LD_RUNPATH_SEARCH_PATHS = (
					"$(inherited)",
					"@executable_path/Frameworks",
					"@loader_path/Frameworks",
				);
				PRODUCT_BUNDLE_IDENTIFIER = "com.crystal.Landmark-remarkUITests";
				PRODUCT_NAME = "$(TARGET_NAME)";
				SWIFT_VERSION = 5.0;
				TARGETED_DEVICE_FAMILY = "1,2";
				TEST_TARGET_NAME = "Landmark-remark";
			};
			name = Debug;
		};
		5F88BEFA224B515F00158120 /* Release */ = {
			isa = XCBuildConfiguration;
			baseConfigurationReference = 47009D12451F66197607A7C6 /* Pods-Landmark-remarkUITests.release.xcconfig */;
			buildSettings = {
				ALWAYS_EMBED_SWIFT_STANDARD_LIBRARIES = YES;
				CODE_SIGN_STYLE = Automatic;
				DEVELOPMENT_TEAM = 692BX88323;
				INFOPLIST_FILE = "Landmark-remarkUITests/Info.plist";
				LD_RUNPATH_SEARCH_PATHS = (
					"$(inherited)",
					"@executable_path/Frameworks",
					"@loader_path/Frameworks",
				);
				PRODUCT_BUNDLE_IDENTIFIER = "com.crystal.Landmark-remarkUITests";
				PRODUCT_NAME = "$(TARGET_NAME)";
				SWIFT_VERSION = 5.0;
				TARGETED_DEVICE_FAMILY = "1,2";
				TEST_TARGET_NAME = "Landmark-remark";
			};
			name = Release;
		};
/* End XCBuildConfiguration section */

/* Begin XCConfigurationList section */
		5F88BEC2224B515E00158120 /* Build configuration list for PBXProject "Landmark-remark" */ = {
			isa = XCConfigurationList;
			buildConfigurations = (
				5F88BEF0224B515F00158120 /* Debug */,
				5F88BEF1224B515F00158120 /* Release */,
			);
			defaultConfigurationIsVisible = 0;
			defaultConfigurationName = Release;
		};
		5F88BEF2224B515F00158120 /* Build configuration list for PBXNativeTarget "Landmark-remark" */ = {
			isa = XCConfigurationList;
			buildConfigurations = (
				5F88BEF3224B515F00158120 /* Debug */,
				5F88BEF4224B515F00158120 /* Release */,
			);
			defaultConfigurationIsVisible = 0;
			defaultConfigurationName = Release;
		};
		5F88BEF5224B515F00158120 /* Build configuration list for PBXNativeTarget "Landmark-remarkTests" */ = {
			isa = XCConfigurationList;
			buildConfigurations = (
				5F88BEF6224B515F00158120 /* Debug */,
				5F88BEF7224B515F00158120 /* Release */,
			);
			defaultConfigurationIsVisible = 0;
			defaultConfigurationName = Release;
		};
		5F88BEF8224B515F00158120 /* Build configuration list for PBXNativeTarget "Landmark-remarkUITests" */ = {
			isa = XCConfigurationList;
			buildConfigurations = (
				5F88BEF9224B515F00158120 /* Debug */,
				5F88BEFA224B515F00158120 /* Release */,
			);
			defaultConfigurationIsVisible = 0;
			defaultConfigurationName = Release;
		};
/* End XCConfigurationList section */

/* Begin XCVersionGroup section */
		5F88BED1224B515E00158120 /* Landmark_remark.xcdatamodeld */ = {
			isa = XCVersionGroup;
			children = (
				5F88BED2224B515E00158120 /* Landmark_remark.xcdatamodel */,
			);
			currentVersion = 5F88BED2224B515E00158120 /* Landmark_remark.xcdatamodel */;
			path = Landmark_remark.xcdatamodeld;
			sourceTree = "<group>";
			versionGroupType = wrapper.xcdatamodel;
		};
/* End XCVersionGroup section */
	};
	rootObject = 5F88BEBF224B515E00158120 /* Project object */;
}
